
Microsoft Visual Studio Solution File, Format Version 12.00
# Visual Studio Version 16
VisualStudioVersion = 16.0.32630.194
MinimumVisualStudioVersion = 10.0.40219.1
Project("{FAE04EC0-301F-11D3-BF4B-00C04F79EFBC}") = "Division_by_3-4", "Division_by_3-4\Division_by_3-4.csproj", "{AEF8CE43-CF17-4456-B02A-5F1D9D52A317}"
EndProject
Global
	GlobalSection(SolutionConfigurationPlatforms) = preSolution
		Debug|Any CPU = Debug|Any CPU
		Release|Any CPU = Release|Any CPU
	EndGlobalSection
	GlobalSection(ProjectConfigurationPlatforms) = postSolution
		{AEF8CE43-CF17-4456-B02A-5F1D9D52A317}.Debug|Any CPU.ActiveCfg = Debug|Any CPU
		{AEF8CE43-CF17-4456-B02A-5F1D9D52A317}.Debug|Any CPU.Build.0 = Debug|Any CPU
		{AEF8CE43-CF17-4456-B02A-5F1D9D52A317}.Release|Any CPU.ActiveCfg = Release|Any CPU
		{AEF8CE43-CF17-4456-B02A-5F1D9D52A317}.Release|Any CPU.Build.0 = Release|Any CPU
	EndGlobalSection
	GlobalSection(SolutionProperties) = preSolution
		HideSolutionNode = FALSE
	EndGlobalSection
	GlobalSection(ExtensibilityGlobals) = postSolution
		SolutionGuid = {57BCF425-BA74-4F36-AA07-BCF24FF57815}
	EndGlobalSection
EndGlobal
