
Microsoft Visual Studio Solution File, Format Version 12.00
# Visual Studio Version 16
VisualStudioVersion = 16.0.32630.194
MinimumVisualStudioVersion = 10.0.40219.1
Project("{FAE04EC0-301F-11D3-BF4B-00C04F79EFBC}") = "Calcular_IMC", "Calcular_IMC\Calcular_IMC.csproj", "{E64DF0DD-F76C-4E60-AA60-5DFB84CFC593}"
EndProject
Global
	GlobalSection(SolutionConfigurationPlatforms) = preSolution
		Debug|Any CPU = Debug|Any CPU
		Release|Any CPU = Release|Any CPU
	EndGlobalSection
	GlobalSection(ProjectConfigurationPlatforms) = postSolution
		{E64DF0DD-F76C-4E60-AA60-5DFB84CFC593}.Debug|Any CPU.ActiveCfg = Debug|Any CPU
		{E64DF0DD-F76C-4E60-AA60-5DFB84CFC593}.Debug|Any CPU.Build.0 = Debug|Any CPU
		{E64DF0DD-F76C-4E60-AA60-5DFB84CFC593}.Release|Any CPU.ActiveCfg = Release|Any CPU
		{E64DF0DD-F76C-4E60-AA60-5DFB84CFC593}.Release|Any CPU.Build.0 = Release|Any CPU
	EndGlobalSection
	GlobalSection(SolutionProperties) = preSolution
		HideSolutionNode = FALSE
	EndGlobalSection
	GlobalSection(ExtensibilityGlobals) = postSolution
		SolutionGuid = {6970A6E5-0388-4049-B8BD-489A48A0AD40}
	EndGlobalSection
EndGlobal
