
Microsoft Visual Studio Solution File, Format Version 12.00
# Visual Studio Version 16
VisualStudioVersion = 16.0.32630.194
MinimumVisualStudioVersion = 10.0.40219.1
Project("{FAE04EC0-301F-11D3-BF4B-00C04F79EFBC}") = "Switch_case-Mes", "Switch_case-Mes\Switch_case-Mes.csproj", "{A1D44452-74E6-471D-9FD3-A9376A3314A0}"
EndProject
Global
	GlobalSection(SolutionConfigurationPlatforms) = preSolution
		Debug|Any CPU = Debug|Any CPU
		Release|Any CPU = Release|Any CPU
	EndGlobalSection
	GlobalSection(ProjectConfigurationPlatforms) = postSolution
		{A1D44452-74E6-471D-9FD3-A9376A3314A0}.Debug|Any CPU.ActiveCfg = Debug|Any CPU
		{A1D44452-74E6-471D-9FD3-A9376A3314A0}.Debug|Any CPU.Build.0 = Debug|Any CPU
		{A1D44452-74E6-471D-9FD3-A9376A3314A0}.Release|Any CPU.ActiveCfg = Release|Any CPU
		{A1D44452-74E6-471D-9FD3-A9376A3314A0}.Release|Any CPU.Build.0 = Release|Any CPU
	EndGlobalSection
	GlobalSection(SolutionProperties) = preSolution
		HideSolutionNode = FALSE
	EndGlobalSection
	GlobalSection(ExtensibilityGlobals) = postSolution
		SolutionGuid = {16B66321-729B-42D5-BCF8-FC6BD9F81F9A}
	EndGlobalSection
EndGlobal
