
Microsoft Visual Studio Solution File, Format Version 12.00
# Visual Studio Version 16
VisualStudioVersion = 16.0.32630.194
MinimumVisualStudioVersion = 10.0.40219.1
Project("{FAE04EC0-301F-11D3-BF4B-00C04F79EFBC}") = "Switch_Calcular", "Switch_Calcular\Switch_Calcular.csproj", "{BE3731C9-385D-439D-9B7B-D71306300846}"
EndProject
Global
	GlobalSection(SolutionConfigurationPlatforms) = preSolution
		Debug|Any CPU = Debug|Any CPU
		Release|Any CPU = Release|Any CPU
	EndGlobalSection
	GlobalSection(ProjectConfigurationPlatforms) = postSolution
		{BE3731C9-385D-439D-9B7B-D71306300846}.Debug|Any CPU.ActiveCfg = Debug|Any CPU
		{BE3731C9-385D-439D-9B7B-D71306300846}.Debug|Any CPU.Build.0 = Debug|Any CPU
		{BE3731C9-385D-439D-9B7B-D71306300846}.Release|Any CPU.ActiveCfg = Release|Any CPU
		{BE3731C9-385D-439D-9B7B-D71306300846}.Release|Any CPU.Build.0 = Release|Any CPU
	EndGlobalSection
	GlobalSection(SolutionProperties) = preSolution
		HideSolutionNode = FALSE
	EndGlobalSection
	GlobalSection(ExtensibilityGlobals) = postSolution
		SolutionGuid = {F445D6B5-7C1F-4FA2-B336-F86879CF5D7E}
	EndGlobalSection
EndGlobal
