
Microsoft Visual Studio Solution File, Format Version 12.00
# Visual Studio Version 16
VisualStudioVersion = 16.0.32630.194
MinimumVisualStudioVersion = 10.0.40219.1
Project("{FAE04EC0-301F-11D3-BF4B-00C04F79EFBC}") = "Multiple_by_3", "Multiple_by_3\Multiple_by_3.csproj", "{58D3A0A1-543D-4C5F-9787-0505E267CADF}"
EndProject
Global
	GlobalSection(SolutionConfigurationPlatforms) = preSolution
		Debug|Any CPU = Debug|Any CPU
		Release|Any CPU = Release|Any CPU
	EndGlobalSection
	GlobalSection(ProjectConfigurationPlatforms) = postSolution
		{58D3A0A1-543D-4C5F-9787-0505E267CADF}.Debug|Any CPU.ActiveCfg = Debug|Any CPU
		{58D3A0A1-543D-4C5F-9787-0505E267CADF}.Debug|Any CPU.Build.0 = Debug|Any CPU
		{58D3A0A1-543D-4C5F-9787-0505E267CADF}.Release|Any CPU.ActiveCfg = Release|Any CPU
		{58D3A0A1-543D-4C5F-9787-0505E267CADF}.Release|Any CPU.Build.0 = Release|Any CPU
	EndGlobalSection
	GlobalSection(SolutionProperties) = preSolution
		HideSolutionNode = FALSE
	EndGlobalSection
	GlobalSection(ExtensibilityGlobals) = postSolution
		SolutionGuid = {DD4D9577-B565-49C3-8FEE-45401CAED7F6}
	EndGlobalSection
EndGlobal
