
Microsoft Visual Studio Solution File, Format Version 12.00
# Visual Studio Version 16
VisualStudioVersion = 16.0.32630.194
MinimumVisualStudioVersion = 10.0.40219.1
Project("{FAE04EC0-301F-11D3-BF4B-00C04F79EFBC}") = "Vector", "Vector\Vector.csproj", "{4726331B-6364-4FEB-9F8A-92FE91FE3E56}"
EndProject
Project("{FAE04EC0-301F-11D3-BF4B-00C04F79EFBC}") = "Vector_Ex", "Vector_Ex\Vector_Ex.csproj", "{908B9BB9-ABF0-45A7-BB4F-67D942B70F21}"
EndProject
Global
	GlobalSection(SolutionConfigurationPlatforms) = preSolution
		Debug|Any CPU = Debug|Any CPU
		Release|Any CPU = Release|Any CPU
	EndGlobalSection
	GlobalSection(ProjectConfigurationPlatforms) = postSolution
		{4726331B-6364-4FEB-9F8A-92FE91FE3E56}.Debug|Any CPU.ActiveCfg = Debug|Any CPU
		{4726331B-6364-4FEB-9F8A-92FE91FE3E56}.Debug|Any CPU.Build.0 = Debug|Any CPU
		{4726331B-6364-4FEB-9F8A-92FE91FE3E56}.Release|Any CPU.ActiveCfg = Release|Any CPU
		{4726331B-6364-4FEB-9F8A-92FE91FE3E56}.Release|Any CPU.Build.0 = Release|Any CPU
		{908B9BB9-ABF0-45A7-BB4F-67D942B70F21}.Debug|Any CPU.ActiveCfg = Debug|Any CPU
		{908B9BB9-ABF0-45A7-BB4F-67D942B70F21}.Debug|Any CPU.Build.0 = Debug|Any CPU
		{908B9BB9-ABF0-45A7-BB4F-67D942B70F21}.Release|Any CPU.ActiveCfg = Release|Any CPU
		{908B9BB9-ABF0-45A7-BB4F-67D942B70F21}.Release|Any CPU.Build.0 = Release|Any CPU
	EndGlobalSection
	GlobalSection(SolutionProperties) = preSolution
		HideSolutionNode = FALSE
	EndGlobalSection
	GlobalSection(ExtensibilityGlobals) = postSolution
		SolutionGuid = {660D42F2-739F-4A6B-822F-3615AF68E5D0}
	EndGlobalSection
EndGlobal
