
Microsoft Visual Studio Solution File, Format Version 12.00
# Visual Studio Version 16
VisualStudioVersion = 16.0.32630.194
MinimumVisualStudioVersion = 10.0.40219.1
Project("{FAE04EC0-301F-11D3-BF4B-00C04F79EFBC}") = "Aumento", "Aumento\Aumento.csproj", "{9220416A-9D20-411C-A544-1DD426ACFEA4}"
EndProject
Global
	GlobalSection(SolutionConfigurationPlatforms) = preSolution
		Debug|Any CPU = Debug|Any CPU
		Release|Any CPU = Release|Any CPU
	EndGlobalSection
	GlobalSection(ProjectConfigurationPlatforms) = postSolution
		{9220416A-9D20-411C-A544-1DD426ACFEA4}.Debug|Any CPU.ActiveCfg = Debug|Any CPU
		{9220416A-9D20-411C-A544-1DD426ACFEA4}.Debug|Any CPU.Build.0 = Debug|Any CPU
		{9220416A-9D20-411C-A544-1DD426ACFEA4}.Release|Any CPU.ActiveCfg = Release|Any CPU
		{9220416A-9D20-411C-A544-1DD426ACFEA4}.Release|Any CPU.Build.0 = Release|Any CPU
	EndGlobalSection
	GlobalSection(SolutionProperties) = preSolution
		HideSolutionNode = FALSE
	EndGlobalSection
	GlobalSection(ExtensibilityGlobals) = postSolution
		SolutionGuid = {DBC498CC-F626-47DE-A385-450D4835C325}
	EndGlobalSection
EndGlobal
