
Microsoft Visual Studio Solution File, Format Version 12.00
# Visual Studio Version 16
VisualStudioVersion = 16.0.33927.289
MinimumVisualStudioVersion = 10.0.40219.1
Project("{FAE04EC0-301F-11D3-BF4B-00C04F79EFBC}") = "Loop", "Loop\Loop.csproj", "{D3FFF8F8-83A8-49E5-BE03-DF266E7C5666}"
EndProject
Global
	GlobalSection(SolutionConfigurationPlatforms) = preSolution
		Debug|Any CPU = Debug|Any CPU
		Release|Any CPU = Release|Any CPU
	EndGlobalSection
	GlobalSection(ProjectConfigurationPlatforms) = postSolution
		{D3FFF8F8-83A8-49E5-BE03-DF266E7C5666}.Debug|Any CPU.ActiveCfg = Debug|Any CPU
		{D3FFF8F8-83A8-49E5-BE03-DF266E7C5666}.Debug|Any CPU.Build.0 = Debug|Any CPU
		{D3FFF8F8-83A8-49E5-BE03-DF266E7C5666}.Release|Any CPU.ActiveCfg = Release|Any CPU
		{D3FFF8F8-83A8-49E5-BE03-DF266E7C5666}.Release|Any CPU.Build.0 = Release|Any CPU
	EndGlobalSection
	GlobalSection(SolutionProperties) = preSolution
		HideSolutionNode = FALSE
	EndGlobalSection
	GlobalSection(ExtensibilityGlobals) = postSolution
		SolutionGuid = {AE80EBA3-8F52-4A2C-B142-F0260B6F9363}
	EndGlobalSection
EndGlobal
